
Microsoft Visual Studio Solution File, Format Version 12.00
# Visual Studio Version 17
VisualStudioVersion = 17.6.33723.286
MinimumVisualStudioVersion = 10.0.40219.1
Project("{FAE04EC0-301F-11D3-BF4B-00C04F79EFBC}") = "Mock-Modbus-Master", "Mock-Modbus-Master\Mock-Modbus-Master.csproj", "{0FA8D813-E618-46D7-A371-556D1D42A929}"
EndProject
Global
	GlobalSection(SolutionConfigurationPlatforms) = preSolution
		Debug|Any CPU = Debug|Any CPU
		Release|Any CPU = Release|Any CPU
	EndGlobalSection
	GlobalSection(ProjectConfigurationPlatforms) = postSolution
		{0FA8D813-E618-46D7-A371-556D1D42A929}.Debug|Any CPU.ActiveCfg = Debug|Any CPU
		{0FA8D813-E618-46D7-A371-556D1D42A929}.Debug|Any CPU.Build.0 = Debug|Any CPU
		{0FA8D813-E618-46D7-A371-556D1D42A929}.Release|Any CPU.ActiveCfg = Release|Any CPU
		{0FA8D813-E618-46D7-A371-556D1D42A929}.Release|Any CPU.Build.0 = Release|Any CPU
	EndGlobalSection
	GlobalSection(SolutionProperties) = preSolution
		HideSolutionNode = FALSE
	EndGlobalSection
	GlobalSection(ExtensibilityGlobals) = postSolution
		SolutionGuid = {72CEA0C1-98F1-416B-B508-031DA001DB06}
	EndGlobalSection
EndGlobal
