
Microsoft Visual Studio Solution File, Format Version 12.00
# Visual Studio Version 17
VisualStudioVersion = 17.6.33723.286
MinimumVisualStudioVersion = 10.0.40219.1
Project("{FAE04EC0-301F-11D3-BF4B-00C04F79EFBC}") = "MockSimulatorModbusServer", "MockSimulatorModbusServer\MockSimulatorModbusServer.csproj", "{24E6978A-CEA0-4CC4-A4E5-041F96652ECE}"
EndProject
Global
	GlobalSection(SolutionConfigurationPlatforms) = preSolution
		Debug|Any CPU = Debug|Any CPU
		Release|Any CPU = Release|Any CPU
	EndGlobalSection
	GlobalSection(ProjectConfigurationPlatforms) = postSolution
		{24E6978A-CEA0-4CC4-A4E5-041F96652ECE}.Debug|Any CPU.ActiveCfg = Debug|Any CPU
		{24E6978A-CEA0-4CC4-A4E5-041F96652ECE}.Debug|Any CPU.Build.0 = Debug|Any CPU
		{24E6978A-CEA0-4CC4-A4E5-041F96652ECE}.Release|Any CPU.ActiveCfg = Release|Any CPU
		{24E6978A-CEA0-4CC4-A4E5-041F96652ECE}.Release|Any CPU.Build.0 = Release|Any CPU
	EndGlobalSection
	GlobalSection(SolutionProperties) = preSolution
		HideSolutionNode = FALSE
	EndGlobalSection
	GlobalSection(ExtensibilityGlobals) = postSolution
		SolutionGuid = {7FB8D553-BACE-4EA6-A3EB-8AB573356FD3}
	EndGlobalSection
EndGlobal
